// !$*UTF8*$!
{
	archiveVersion = 1;
	classes = {
	};
	objectVersion = 51;
	objects = {

/* Begin PBXBuildFile section */
		A74480BD22E5168B005AEE23 /* AppDelegate.swift in Sources */ = {isa = PBXBuildFile; fileRef = A74480BC22E5168B005AEE23 /* AppDelegate.swift */; };
		A74480BF22E5168B005AEE23 /* ViewController.swift in Sources */ = {isa = PBXBuildFile; fileRef = A74480BE22E5168B005AEE23 /* ViewController.swift */; };
		A74480C222E5168B005AEE23 /* Main.storyboard in Resources */ = {isa = PBXBuildFile; fileRef = A74480C022E5168B005AEE23 /* Main.storyboard */; };
		A74480C422E5168F005AEE23 /* Assets.xcassets in Resources */ = {isa = PBXBuildFile; fileRef = A74480C322E5168F005AEE23 /* Assets.xcassets */; };
		A74480C722E5168F005AEE23 /* LaunchScreen.storyboard in Resources */ = {isa = PBXBuildFile; fileRef = A74480C522E5168F005AEE23 /* LaunchScreen.storyboard */; };
		A74480CF22E51BD5005AEE23 /* PokemonTableViewCell.swift in Sources */ = {isa = PBXBuildFile; fileRef = A74480CE22E51BD5005AEE23 /* PokemonTableViewCell.swift */; };
		A74480D122E51C4A005AEE23 /* ListViewModel.swift in Sources */ = {isa = PBXBuildFile; fileRef = A74480D022E51C4A005AEE23 /* ListViewModel.swift */; };
		A74480D322E51DC6005AEE23 /* NetworkManager.swift in Sources */ = {isa = PBXBuildFile; fileRef = A74480D222E51DC6005AEE23 /* NetworkManager.swift */; };
		B668A9038C3139F87E22E6DD /* Pods_RxPokedex.framework in Frameworks */ = {isa = PBXBuildFile; fileRef = 0550CE440CEF19453642B6DB /* Pods_RxPokedex.framework */; };
/* End PBXBuildFile section */

/* Begin PBXFileReference section */
		0550CE440CEF19453642B6DB /* Pods_RxPokedex.framework */ = {isa = PBXFileReference; explicitFileType = wrapper.framework; includeInIndex = 0; path = Pods_RxPokedex.framework; sourceTree = BUILT_PRODUCTS_DIR; };
		6C30B8DAB549DAF16A29FCFD /* Pods-RxPokedex.release.xcconfig */ = {isa = PBXFileReference; includeInIndex = 1; lastKnownFileType = text.xcconfig; name = "Pods-RxPokedex.release.xcconfig"; path = "Target Support Files/Pods-RxPokedex/Pods-RxPokedex.release.xcconfig"; sourceTree = "<group>"; };
		8E5E955DC1D240F168027617 /* Pods-RxPokedex.debug.xcconfig */ = {isa = PBXFileReference; includeInIndex = 1; lastKnownFileType = text.xcconfig; name = "Pods-RxPokedex.debug.xcconfig"; path = "Target Support Files/Pods-RxPokedex/Pods-RxPokedex.debug.xcconfig"; sourceTree = "<group>"; };
		A74480B922E5168B005AEE23 /* RxPokedex.app */ = {isa = PBXFileReference; explicitFileType = wrapper.application; includeInIndex = 0; path = RxPokedex.app; sourceTree = BUILT_PRODUCTS_DIR; };
		A74480BC22E5168B005AEE23 /* AppDelegate.swift */ = {isa = PBXFileReference; lastKnownFileType = sourcecode.swift; path = AppDelegate.swift; sourceTree = "<group>"; };
		A74480BE22E5168B005AEE23 /* ViewController.swift */ = {isa = PBXFileReference; lastKnownFileType = sourcecode.swift; path = ViewController.swift; sourceTree = "<group>"; };
		A74480C122E5168B005AEE23 /* Base */ = {isa = PBXFileReference; lastKnownFileType = file.storyboard; name = Base; path = Base.lproj/Main.storyboard; sourceTree = "<group>"; };
		A74480C322E5168F005AEE23 /* Assets.xcassets */ = {isa = PBXFileReference; lastKnownFileType = folder.assetcatalog; path = Assets.xcassets; sourceTree = "<group>"; };
		A74480C622E5168F005AEE23 /* Base */ = {isa = PBXFileReference; lastKnownFileType = file.storyboard; name = Base; path = Base.lproj/LaunchScreen.storyboard; sourceTree = "<group>"; };
		A74480C822E5168F005AEE23 /* Info.plist */ = {isa = PBXFileReference; lastKnownFileType = text.plist.xml; path = Info.plist; sourceTree = "<group>"; };
		A74480CE22E51BD5005AEE23 /* PokemonTableViewCell.swift */ = {isa = PBXFileReference; lastKnownFileType = sourcecode.swift; path = PokemonTableViewCell.swift; sourceTree = "<group>"; };
		A74480D022E51C4A005AEE23 /* ListViewModel.swift */ = {isa = PBXFileReference; lastKnownFileType = sourcecode.swift; path = ListViewModel.swift; sourceTree = "<group>"; };
		A74480D222E51DC6005AEE23 /* NetworkManager.swift */ = {isa = PBXFileReference; lastKnownFileType = sourcecode.swift; path = NetworkManager.swift; sourceTree = "<group>"; };
/* End PBXFileReference section */

/* Begin PBXFrameworksBuildPhase section */
		A74480B622E5168B005AEE23 /* Frameworks */ = {
			isa = PBXFrameworksBuildPhase;
			buildActionMask = 2147483647;
			files = (
				B668A9038C3139F87E22E6DD /* Pods_RxPokedex.framework in Frameworks */,
			);
			runOnlyForDeploymentPostprocessing = 0;
		};
/* End PBXFrameworksBuildPhase section */

/* Begin PBXGroup section */
		5C5D5112C6E55954372B39F0 /* Pods */ = {
			isa = PBXGroup;
			children = (
				8E5E955DC1D240F168027617 /* Pods-RxPokedex.debug.xcconfig */,
				6C30B8DAB549DAF16A29FCFD /* Pods-RxPokedex.release.xcconfig */,
			);
			path = Pods;
			sourceTree = "<group>";
		};
		84DE70B547EFA86453F33C43 /* Frameworks */ = {
			isa = PBXGroup;
			children = (
				0550CE440CEF19453642B6DB /* Pods_RxPokedex.framework */,
			);
			name = Frameworks;
			sourceTree = "<group>";
		};
		A74480B022E5168B005AEE23 = {
			isa = PBXGroup;
			children = (
				A74480BB22E5168B005AEE23 /* RxPokedex */,
				A74480BA22E5168B005AEE23 /* Products */,
				5C5D5112C6E55954372B39F0 /* Pods */,
				84DE70B547EFA86453F33C43 /* Frameworks */,
			);
			sourceTree = "<group>";
		};
		A74480BA22E5168B005AEE23 /* Products */ = {
			isa = PBXGroup;
			children = (
				A74480B922E5168B005AEE23 /* RxPokedex.app */,
			);
			name = Products;
			sourceTree = "<group>";
		};
		A74480BB22E5168B005AEE23 /* RxPokedex */ = {
			isa = PBXGroup;
			children = (
				A74480C022E5168B005AEE23 /* Main.storyboard */,
				A74480BC22E5168B005AEE23 /* AppDelegate.swift */,
				A74480BE22E5168B005AEE23 /* ViewController.swift */,
				A74480D022E51C4A005AEE23 /* ListViewModel.swift */,
				A74480CE22E51BD5005AEE23 /* PokemonTableViewCell.swift */,
				A74480D222E51DC6005AEE23 /* NetworkManager.swift */,
				A74480C522E5168F005AEE23 /* LaunchScreen.storyboard */,
				A74480C322E5168F005AEE23 /* Assets.xcassets */,
				A74480C822E5168F005AEE23 /* Info.plist */,
			);
			path = RxPokedex;
			sourceTree = "<group>";
		};
/* End PBXGroup section */

/* Begin PBXNativeTarget section */
		A74480B822E5168B005AEE23 /* RxPokedex */ = {
			isa = PBXNativeTarget;
			buildConfigurationList = A74480CB22E5168F005AEE23 /* Build configuration list for PBXNativeTarget "RxPokedex" */;
			buildPhases = (
				6C55A430E500E5AF21934FE2 /* [CP] Check Pods Manifest.lock */,
				A74480B522E5168B005AEE23 /* Sources */,
				A74480B622E5168B005AEE23 /* Frameworks */,
				A74480B722E5168B005AEE23 /* Resources */,
				E4A721957E81816A6BD93CC1 /* [CP] Embed Pods Frameworks */,
			);
			buildRules = (
			);
			dependencies = (
			);
			name = RxPokedex;
			productName = RxPokedex;
			productReference = A74480B922E5168B005AEE23 /* RxPokedex.app */;
			productType = "com.apple.product-type.application";
		};
/* End PBXNativeTarget section */

/* Begin PBXProject section */
		A74480B122E5168B005AEE23 /* Project object */ = {
			isa = PBXProject;
			attributes = {
				LastSwiftUpdateCheck = 1020;
				LastUpgradeCheck = 1020;
				ORGANIZATIONNAME = "Mark Hall";
				TargetAttributes = {
					A74480B822E5168B005AEE23 = {
						CreatedOnToolsVersion = 10.2.1;
					};
				};
			};
			buildConfigurationList = A74480B422E5168B005AEE23 /* Build configuration list for PBXProject "RxPokedex" */;
			compatibilityVersion = "Xcode 9.3";
			developmentRegion = en;
			hasScannedForEncodings = 0;
			knownRegions = (
				en,
				Base,
			);
			mainGroup = A74480B022E5168B005AEE23;
			productRefGroup = A74480BA22E5168B005AEE23 /* Products */;
			projectDirPath = "";
			projectRoot = "";
			targets = (
				A74480B822E5168B005AEE23 /* RxPokedex */,
			);
		};
/* End PBXProject section */

/* Begin PBXResourcesBuildPhase section */
		A74480B722E5168B005AEE23 /* Resources */ = {
			isa = PBXResourcesBuildPhase;
			buildActionMask = 2147483647;
			files = (
				A74480C722E5168F005AEE23 /* LaunchScreen.storyboard in Resources */,
				A74480C422E5168F005AEE23 /* Assets.xcassets in Resources */,
				A74480C222E5168B005AEE23 /* Main.storyboard in Resources */,
			);
			runOnlyForDeploymentPostprocessing = 0;
		};
/* End PBXResourcesBuildPhase section */

/* Begin PBXShellScriptBuildPhase section */
		6C55A430E500E5AF21934FE2 /* [CP] Check Pods Manifest.lock */ = {
			isa = PBXShellScriptBuildPhase;
			buildActionMask = 2147483647;
			files = (
			);
			inputFileListPaths = (
			);
			inputPaths = (
				"${PODS_PODFILE_DIR_PATH}/Podfile.lock",
				"${PODS_ROOT}/Manifest.lock",
			);
			name = "[CP] Check Pods Manifest.lock";
			outputFileListPaths = (
			);
			outputPaths = (
				"$(DERIVED_FILE_DIR)/Pods-RxPokedex-checkManifestLockResult.txt",
			);
			runOnlyForDeploymentPostprocessing = 0;
			shellPath = /bin/sh;
			shellScript = "diff \"${PODS_PODFILE_DIR_PATH}/Podfile.lock\" \"${PODS_ROOT}/Manifest.lock\" > /dev/null\nif [ $? != 0 ] ; then\n    # print error to STDERR\n    echo \"error: The sandbox is not in sync with the Podfile.lock. Run 'pod install' or update your CocoaPods installation.\" >&2\n    exit 1\nfi\n# This output is used by Xcode 'outputs' to avoid re-running this script phase.\necho \"SUCCESS\" > \"${SCRIPT_OUTPUT_FILE_0}\"\n";
			showEnvVarsInLog = 0;
		};
		E4A721957E81816A6BD93CC1 /* [CP] Embed Pods Frameworks */ = {
			isa = PBXShellScriptBuildPhase;
			buildActionMask = 2147483647;
			files = (
			);
			inputFileListPaths = (
				"${PODS_ROOT}/Target Support Files/Pods-RxPokedex/Pods-RxPokedex-frameworks-${CONFIGURATION}-input-files.xcfilelist",
			);
			name = "[CP] Embed Pods Frameworks";
			outputFileListPaths = (
				"${PODS_ROOT}/Target Support Files/Pods-RxPokedex/Pods-RxPokedex-frameworks-${CONFIGURATION}-output-files.xcfilelist",
			);
			runOnlyForDeploymentPostprocessing = 0;
			shellPath = /bin/sh;
			shellScript = "\"${PODS_ROOT}/Target Support Files/Pods-RxPokedex/Pods-RxPokedex-frameworks.sh\"\n";
			showEnvVarsInLog = 0;
		};
/* End PBXShellScriptBuildPhase section */

/* Begin PBXSourcesBuildPhase section */
		A74480B522E5168B005AEE23 /* Sources */ = {
			isa = PBXSourcesBuildPhase;
			buildActionMask = 2147483647;
			files = (
				A74480CF22E51BD5005AEE23 /* PokemonTableViewCell.swift in Sources */,
				A74480BF22E5168B005AEE23 /* ViewController.swift in Sources */,
				A74480D322E51DC6005AEE23 /* NetworkManager.swift in Sources */,
				A74480D122E51C4A005AEE23 /* ListViewModel.swift in Sources */,
				A74480BD22E5168B005AEE23 /* AppDelegate.swift in Sources */,
			);
			runOnlyForDeploymentPostprocessing = 0;
		};
/* End PBXSourcesBuildPhase section */

/* Begin PBXVariantGroup section */
		A74480C022E5168B005AEE23 /* Main.storyboard */ = {
			isa = PBXVariantGroup;
			children = (
				A74480C122E5168B005AEE23 /* Base */,
			);
			name = Main.storyboard;
			sourceTree = "<group>";
		};
		A74480C522E5168F005AEE23 /* LaunchScreen.storyboard */ = {
			isa = PBXVariantGroup;
			children = (
				A74480C622E5168F005AEE23 /* Base */,
			);
			name = LaunchScreen.storyboard;
			sourceTree = "<group>";
		};
/* End PBXVariantGroup section */

/* Begin XCBuildConfiguration section */
		A74480C922E5168F005AEE23 /* Debug */ = {
			isa = XCBuildConfiguration;
			buildSettings = {
				ALWAYS_SEARCH_USER_PATHS = NO;
				CLANG_ANALYZER_NONNULL = YES;
				CLANG_ANALYZER_NUMBER_OBJECT_CONVERSION = YES_AGGRESSIVE;
				CLANG_CXX_LANGUAGE_STANDARD = "gnu++14";
				CLANG_CXX_LIBRARY = "libc++";
				CLANG_ENABLE_MODULES = YES;
				CLANG_ENABLE_OBJC_ARC = YES;
				CLANG_ENABLE_OBJC_WEAK = YES;
				CLANG_WARN_BLOCK_CAPTURE_AUTORELEASING = YES;
				CLANG_WARN_BOOL_CONVERSION = YES;
				CLANG_WARN_COMMA = YES;
				CLANG_WARN_CONSTANT_CONVERSION = YES;
				CLANG_WARN_DEPRECATED_OBJC_IMPLEMENTATIONS = YES;
				CLANG_WARN_DIRECT_OBJC_ISA_USAGE = YES_ERROR;
				CLANG_WARN_DOCUMENTATION_COMMENTS = YES;
				CLANG_WARN_EMPTY_BODY = YES;
				CLANG_WARN_ENUM_CONVERSION = YES;
				CLANG_WARN_INFINITE_RECURSION = YES;
				CLANG_WARN_INT_CONVERSION = YES;
				CLANG_WARN_NON_LITERAL_NULL_CONVERSION = YES;
				CLANG_WARN_OBJC_IMPLICIT_RETAIN_SELF = YES;
				CLANG_WARN_OBJC_LITERAL_CONVERSION = YES;
				CLANG_WARN_OBJC_ROOT_CLASS = YES_ERROR;
				CLANG_WARN_RANGE_LOOP_ANALYSIS = YES;
				CLANG_WARN_STRICT_PROTOTYPES = YES;
				CLANG_WARN_SUSPICIOUS_MOVE = YES;
				CLANG_WARN_UNGUARDED_AVAILABILITY = YES_AGGRESSIVE;
				CLANG_WARN_UNREACHABLE_CODE = YES;
				CLANG_WARN__DUPLICATE_METHOD_MATCH = YES;
				CODE_SIGN_IDENTITY = "iPhone Developer";
				COPY_PHASE_STRIP = NO;
				DEBUG_INFORMATION_FORMAT = dwarf;
				ENABLE_STRICT_OBJC_MSGSEND = YES;
				ENABLE_TESTABILITY = YES;
				GCC_C_LANGUAGE_STANDARD = gnu11;
				GCC_DYNAMIC_NO_PIC = NO;
				GCC_NO_COMMON_BLOCKS = YES;
				GCC_OPTIMIZATION_LEVEL = 0;
				GCC_PREPROCESSOR_DEFINITIONS = (
					"DEBUG=1",
					"$(inherited)",
				);
				GCC_WARN_64_TO_32_BIT_CONVERSION = YES;
				GCC_WARN_ABOUT_RETURN_TYPE = YES_ERROR;
				GCC_WARN_UNDECLARED_SELECTOR = YES;
				GCC_WARN_UNINITIALIZED_AUTOS = YES_AGGRESSIVE;
				GCC_WARN_UNUSED_FUNCTION = YES;
				GCC_WARN_UNUSED_VARIABLE = YES;
				IPHONEOS_DEPLOYMENT_TARGET = 12.2;
				MTL_ENABLE_DEBUG_INFO = INCLUDE_SOURCE;
				MTL_FAST_MATH = YES;
				ONLY_ACTIVE_ARCH = YES;
				SDKROOT = iphoneos;
				SWIFT_ACTIVE_COMPILATION_CONDITIONS = DEBUG;
				SWIFT_OPTIMIZATION_LEVEL = "-Onone";
			};
			name = Debug;
		};
		A74480CA22E5168F005AEE23 /* Release */ = {
			isa = XCBuildConfiguration;
			buildSettings = {
				ALWAYS_SEARCH_USER_PATHS = NO;
				CLANG_ANALYZER_NONNULL = YES;
				CLANG_ANALYZER_NUMBER_OBJECT_CONVERSION = YES_AGGRESSIVE;
				CLANG_CXX_LANGUAGE_STANDARD = "gnu++14";
				CLANG_CXX_LIBRARY = "libc++";
				CLANG_ENABLE_MODULES = YES;
				CLANG_ENABLE_OBJC_ARC = YES;
				CLANG_ENABLE_OBJC_WEAK = YES;
				CLANG_WARN_BLOCK_CAPTURE_AUTORELEASING = YES;
				CLANG_WARN_BOOL_CONVERSION = YES;
				CLANG_WARN_COMMA = YES;
				CLANG_WARN_CONSTANT_CONVERSION = YES;
				CLANG_WARN_DEPRECATED_OBJC_IMPLEMENTATIONS = YES;
				CLANG_WARN_DIRECT_OBJC_ISA_USAGE = YES_ERROR;
				CLANG_WARN_DOCUMENTATION_COMMENTS = YES;
				CLANG_WARN_EMPTY_BODY = YES;
				CLANG_WARN_ENUM_CONVERSION = YES;
				CLANG_WARN_INFINITE_RECURSION = YES;
				CLANG_WARN_INT_CONVERSION = YES;
				CLANG_WARN_NON_LITERAL_NULL_CONVERSION = YES;
				CLANG_WARN_OBJC_IMPLICIT_RETAIN_SELF = YES;
				CLANG_WARN_OBJC_LITERAL_CONVERSION = YES;
				CLANG_WARN_OBJC_ROOT_CLASS = YES_ERROR;
				CLANG_WARN_RANGE_LOOP_ANALYSIS = YES;
				CLANG_WARN_STRICT_PROTOTYPES = YES;
				CLANG_WARN_SUSPICIOUS_MOVE = YES;
				CLANG_WARN_UNGUARDED_AVAILABILITY = YES_AGGRESSIVE;
				CLANG_WARN_UNREACHABLE_CODE = YES;
				CLANG_WARN__DUPLICATE_METHOD_MATCH = YES;
				CODE_SIGN_IDENTITY = "iPhone Developer";
				COPY_PHASE_STRIP = NO;
				DEBUG_INFORMATION_FORMAT = "dwarf-with-dsym";
				ENABLE_NS_ASSERTIONS = NO;
				ENABLE_STRICT_OBJC_MSGSEND = YES;
				GCC_C_LANGUAGE_STANDARD = gnu11;
				GCC_NO_COMMON_BLOCKS = YES;
				GCC_WARN_64_TO_32_BIT_CONVERSION = YES;
				GCC_WARN_ABOUT_RETURN_TYPE = YES_ERROR;
				GCC_WARN_UNDECLARED_SELECTOR = YES;
				GCC_WARN_UNINITIALIZED_AUTOS = YES_AGGRESSIVE;
				GCC_WARN_UNUSED_FUNCTION = YES;
				GCC_WARN_UNUSED_VARIABLE = YES;
				IPHONEOS_DEPLOYMENT_TARGET = 12.2;
				MTL_ENABLE_DEBUG_INFO = NO;
				MTL_FAST_MATH = YES;
				SDKROOT = iphoneos;
				SWIFT_COMPILATION_MODE = wholemodule;
				SWIFT_OPTIMIZATION_LEVEL = "-O";
				VALIDATE_PRODUCT = YES;
			};
			name = Release;
		};
		A74480CC22E5168F005AEE23 /* Debug */ = {
			isa = XCBuildConfiguration;
			baseConfigurationReference = 8E5E955DC1D240F168027617 /* Pods-RxPokedex.debug.xcconfig */;
			buildSettings = {
				ASSETCATALOG_COMPILER_APPICON_NAME = AppIcon;
				CODE_SIGN_STYLE = Automatic;
				DEVELOPMENT_TEAM = 8M6F65ZU25;
				INFOPLIST_FILE = RxPokedex/Info.plist;
				LD_RUNPATH_SEARCH_PATHS = (
					"$(inherited)",
					"@executable_path/Frameworks",
				);
				PRODUCT_BUNDLE_IDENTIFIER = com.markhall.RxPokedex;
				PRODUCT_NAME = "$(TARGET_NAME)";
				SWIFT_VERSION = 5.0;
				TARGETED_DEVICE_FAMILY = "1,2";
			};
			name = Debug;
		};
		A74480CD22E5168F005AEE23 /* Release */ = {
			isa = XCBuildConfiguration;
			baseConfigurationReference = 6C30B8DAB549DAF16A29FCFD /* Pods-RxPokedex.release.xcconfig */;
			buildSettings = {
				ASSETCATALOG_COMPILER_APPICON_NAME = AppIcon;
				CODE_SIGN_STYLE = Automatic;
				DEVELOPMENT_TEAM = 8M6F65ZU25;
				INFOPLIST_FILE = RxPokedex/Info.plist;
				LD_RUNPATH_SEARCH_PATHS = (
					"$(inherited)",
					"@executable_path/Frameworks",
				);
				PRODUCT_BUNDLE_IDENTIFIER = com.markhall.RxPokedex;
				PRODUCT_NAME = "$(TARGET_NAME)";
				SWIFT_VERSION = 5.0;
				TARGETED_DEVICE_FAMILY = "1,2";
			};
			name = Release;
		};
/* End XCBuildConfiguration section */

/* Begin XCConfigurationList section */
		A74480B422E5168B005AEE23 /* Build configuration list for PBXProject "RxPokedex" */ = {
			isa = XCConfigurationList;
			buildConfigurations = (
				A74480C922E5168F005AEE23 /* Debug */,
				A74480CA22E5168F005AEE23 /* Release */,
			);
			defaultConfigurationIsVisible = 0;
			defaultConfigurationName = Release;
		};
		A74480CB22E5168F005AEE23 /* Build configuration list for PBXNativeTarget "RxPokedex" */ = {
			isa = XCConfigurationList;
			buildConfigurations = (
				A74480CC22E5168F005AEE23 /* Debug */,
				A74480CD22E5168F005AEE23 /* Release */,
			);
			defaultConfigurationIsVisible = 0;
			defaultConfigurationName = Release;
		};
/* End XCConfigurationList section */
	};
	rootObject = A74480B122E5168B005AEE23 /* Project object */;
}
